# This file is generated by running "yarn install" inside your project.
# Manual changes might be lost - proceed with caution!

__metadata:
  version: 8
  cacheKey: 10c0

"@anandamideio/fvtt-types@workspace:.":
  version: 0.0.0-use.local
  resolution: "@anandamideio/fvtt-types@workspace:."
  dependencies:
    "@types/jquery": "npm:^3.5.6"
    "@types/node": "npm:^22.0.0"
    typescript: "npm:^5.5.4"
  peerDependencies:
    "@types/jquery": ^3.5.6
  languageName: unknown
  linkType: soft

"@types/jquery@npm:^3.5.6":
  version: 3.5.30
  resolution: "@types/jquery@npm:3.5.30"
  dependencies:
    "@types/sizzle": "npm:*"
  checksum: 10c0/7355b2b2cb44eba7a2afa4a1c653157e4bc055be1f14a4c8874e349e6860dd36ca237e538294c2d709f1ffa0d5b12a39ea97be179f3f7fb445e17e12949ccb33
  languageName: node
  linkType: hard

"@types/node@npm:^22.0.0":
  version: 22.0.0
  resolution: "@types/node@npm:22.0.0"
  dependencies:
    undici-types: "npm:~6.11.1"
  checksum: 10c0/af26a8ec7266c857b0ced75dc3a93c6b65280d1fa40d1b4488c814d30831c5c752489c99ecb5698daec1376145b1a9ddd08350882dc2e07769917a5f22a460bc
  languageName: node
  linkType: hard

"@types/sizzle@npm:*":
  version: 2.3.8
  resolution: "@types/sizzle@npm:2.3.8"
  checksum: 10c0/ab5460147ae6680cc20c2223a8f17d9f7c97144b70f00a222a1c32d68b5207696d48177ab9784dda88c74d93ed5a78dd31f74d271b15382520b423c81b4aac89
  languageName: node
  linkType: hard

"typescript@npm:^5.5.4":
  version: 5.5.4
  resolution: "typescript@npm:5.5.4"
  bin:
    tsc: bin/tsc
    tsserver: bin/tsserver
  checksum: 10c0/422be60f89e661eab29ac488c974b6cc0a660fb2228003b297c3d10c32c90f3bcffc1009b43876a082515a3c376b1eefcce823d6e78982e6878408b9a923199c
  languageName: node
  linkType: hard

"typescript@patch:typescript@npm%3A^5.5.4#optional!builtin<compat/typescript>":
  version: 5.5.4
  resolution: "typescript@patch:typescript@npm%3A5.5.4#optional!builtin<compat/typescript>::version=5.5.4&hash=379a07"
  bin:
    tsc: bin/tsc
    tsserver: bin/tsserver
  checksum: 10c0/73409d7b9196a5a1217b3aaad929bf76294d3ce7d6e9766dd880ece296ee91cf7d7db6b16c6c6c630ee5096eccde726c0ef17c7dfa52b01a243e57ae1f09ef07
  languageName: node
  linkType: hard

"undici-types@npm:~6.11.1":
  version: 6.11.1
  resolution: "undici-types@npm:6.11.1"
  checksum: 10c0/d8f5739a8e6c779d72336c82deb49c56d5ac9f9f6e0eb2e8dd4d3f6929ae9db7cde370d2e46516fe6cad04ea53e790c5e16c4c75eed7cd0f9bd31b0763bb2fa3
  languageName: node
  linkType: hard
